// !$*UTF8*$!
{
	archiveVersion = 1;
	classes = {
	};
	objectVersion = 51;
	objects = {

/* Begin PBXBuildFile section */
		204DDB078D6E8EB8902C6782 /* Pods_realm_oc_demo.framework in Frameworks */ = {isa = PBXBuildFile; fileRef = 466C5C14BCB9346D8530B0F5 /* Pods_realm_oc_demo.framework */; };
		2F89F8D50ADAEBDD1B1E1B2E /* Pods_realm_oc_demoTests.framework in Frameworks */ = {isa = PBXBuildFile; fileRef = 62BA831AD04D86EC9E3BA219 /* Pods_realm_oc_demoTests.framework */; };
		4591F86421E21CF1FE1B5839 /* Pods_realm_oc_demo_realm_oc_demoUITests.framework in Frameworks */ = {isa = PBXBuildFile; fileRef = BE65FDCF6B3689ED1D4402B9 /* Pods_realm_oc_demo_realm_oc_demoUITests.framework */; };
		DEC8A58F25BDBBDF00A3C728 /* MigrationModel.m in Sources */ = {isa = PBXBuildFile; fileRef = DEC8A58E25BDBBDF00A3C728 /* MigrationModel.m */; };
		DEE0C41E25BB0788001E2140 /* AppDelegate.m in Sources */ = {isa = PBXBuildFile; fileRef = DEE0C41D25BB0788001E2140 /* AppDelegate.m */; };
		DEE0C42125BB0788001E2140 /* SceneDelegate.m in Sources */ = {isa = PBXBuildFile; fileRef = DEE0C42025BB0788001E2140 /* SceneDelegate.m */; };
		DEE0C42425BB0788001E2140 /* ViewController.m in Sources */ = {isa = PBXBuildFile; fileRef = DEE0C42325BB0788001E2140 /* ViewController.m */; };
		DEE0C42725BB0788001E2140 /* Main.storyboard in Resources */ = {isa = PBXBuildFile; fileRef = DEE0C42525BB0788001E2140 /* Main.storyboard */; };
		DEE0C42925BB078C001E2140 /* Assets.xcassets in Resources */ = {isa = PBXBuildFile; fileRef = DEE0C42825BB078C001E2140 /* Assets.xcassets */; };
		DEE0C42C25BB078C001E2140 /* LaunchScreen.storyboard in Resources */ = {isa = PBXBuildFile; fileRef = DEE0C42A25BB078C001E2140 /* LaunchScreen.storyboard */; };
		DEE0C42F25BB078C001E2140 /* main.m in Sources */ = {isa = PBXBuildFile; fileRef = DEE0C42E25BB078C001E2140 /* main.m */; };
		DEE0C43925BB078D001E2140 /* realm_oc_demoTests.m in Sources */ = {isa = PBXBuildFile; fileRef = DEE0C43825BB078D001E2140 /* realm_oc_demoTests.m */; };
		DEE0C44425BB078D001E2140 /* realm_oc_demoUITests.m in Sources */ = {isa = PBXBuildFile; fileRef = DEE0C44325BB078D001E2140 /* realm_oc_demoUITests.m */; };
/* End PBXBuildFile section */

/* Begin PBXContainerItemProxy section */
		DEE0C43525BB078D001E2140 /* PBXContainerItemProxy */ = {
			isa = PBXContainerItemProxy;
			containerPortal = DEE0C41125BB0788001E2140 /* Project object */;
			proxyType = 1;
			remoteGlobalIDString = DEE0C41825BB0788001E2140;
			remoteInfo = realm_oc_demo;
		};
		DEE0C44025BB078D001E2140 /* PBXContainerItemProxy */ = {
			isa = PBXContainerItemProxy;
			containerPortal = DEE0C41125BB0788001E2140 /* Project object */;
			proxyType = 1;
			remoteGlobalIDString = DEE0C41825BB0788001E2140;
			remoteInfo = realm_oc_demo;
		};
/* End PBXContainerItemProxy section */

/* Begin PBXFileReference section */
		019B9C6A8E71B28D994DBF35 /* Pods-realm_oc_demoTests.release.xcconfig */ = {isa = PBXFileReference; includeInIndex = 1; lastKnownFileType = text.xcconfig; name = "Pods-realm_oc_demoTests.release.xcconfig"; path = "Target Support Files/Pods-realm_oc_demoTests/Pods-realm_oc_demoTests.release.xcconfig"; sourceTree = "<group>"; };
		20C9C9050D1DAD9E649090FA /* Pods-realm_oc_demo-realm_oc_demoUITests.debug.xcconfig */ = {isa = PBXFileReference; includeInIndex = 1; lastKnownFileType = text.xcconfig; name = "Pods-realm_oc_demo-realm_oc_demoUITests.debug.xcconfig"; path = "Target Support Files/Pods-realm_oc_demo-realm_oc_demoUITests/Pods-realm_oc_demo-realm_oc_demoUITests.debug.xcconfig"; sourceTree = "<group>"; };
		466C5C14BCB9346D8530B0F5 /* Pods_realm_oc_demo.framework */ = {isa = PBXFileReference; explicitFileType = wrapper.framework; includeInIndex = 0; path = Pods_realm_oc_demo.framework; sourceTree = BUILT_PRODUCTS_DIR; };
		62BA831AD04D86EC9E3BA219 /* Pods_realm_oc_demoTests.framework */ = {isa = PBXFileReference; explicitFileType = wrapper.framework; includeInIndex = 0; path = Pods_realm_oc_demoTests.framework; sourceTree = BUILT_PRODUCTS_DIR; };
		99C4AE2899C433875EFE5783 /* Pods-realm_oc_demo.debug.xcconfig */ = {isa = PBXFileReference; includeInIndex = 1; lastKnownFileType = text.xcconfig; name = "Pods-realm_oc_demo.debug.xcconfig"; path = "Target Support Files/Pods-realm_oc_demo/Pods-realm_oc_demo.debug.xcconfig"; sourceTree = "<group>"; };
		BE65FDCF6B3689ED1D4402B9 /* Pods_realm_oc_demo_realm_oc_demoUITests.framework */ = {isa = PBXFileReference; explicitFileType = wrapper.framework; includeInIndex = 0; path = Pods_realm_oc_demo_realm_oc_demoUITests.framework; sourceTree = BUILT_PRODUCTS_DIR; };
		BE903CF46863E64ABD410EB3 /* Pods-realm_oc_demo-realm_oc_demoUITests.release.xcconfig */ = {isa = PBXFileReference; includeInIndex = 1; lastKnownFileType = text.xcconfig; name = "Pods-realm_oc_demo-realm_oc_demoUITests.release.xcconfig"; path = "Target Support Files/Pods-realm_oc_demo-realm_oc_demoUITests/Pods-realm_oc_demo-realm_oc_demoUITests.release.xcconfig"; sourceTree = "<group>"; };
		CD286613D10676869E94C371 /* Pods-realm_oc_demoTests.debug.xcconfig */ = {isa = PBXFileReference; includeInIndex = 1; lastKnownFileType = text.xcconfig; name = "Pods-realm_oc_demoTests.debug.xcconfig"; path = "Target Support Files/Pods-realm_oc_demoTests/Pods-realm_oc_demoTests.debug.xcconfig"; sourceTree = "<group>"; };
		DEC8A58D25BDBBDE00A3C728 /* MigrationModel.h */ = {isa = PBXFileReference; lastKnownFileType = sourcecode.c.h; path = MigrationModel.h; sourceTree = "<group>"; };
		DEC8A58E25BDBBDF00A3C728 /* MigrationModel.m */ = {isa = PBXFileReference; lastKnownFileType = sourcecode.c.objc; path = MigrationModel.m; sourceTree = "<group>"; };
		DEE0C41925BB0788001E2140 /* realm_oc_demo.app */ = {isa = PBXFileReference; explicitFileType = wrapper.application; includeInIndex = 0; path = realm_oc_demo.app; sourceTree = BUILT_PRODUCTS_DIR; };
		DEE0C41C25BB0788001E2140 /* AppDelegate.h */ = {isa = PBXFileReference; lastKnownFileType = sourcecode.c.h; path = AppDelegate.h; sourceTree = "<group>"; };
		DEE0C41D25BB0788001E2140 /* AppDelegate.m */ = {isa = PBXFileReference; lastKnownFileType = sourcecode.c.objc; path = AppDelegate.m; sourceTree = "<group>"; };
		DEE0C41F25BB0788001E2140 /* SceneDelegate.h */ = {isa = PBXFileReference; lastKnownFileType = sourcecode.c.h; path = SceneDelegate.h; sourceTree = "<group>"; };
		DEE0C42025BB0788001E2140 /* SceneDelegate.m */ = {isa = PBXFileReference; lastKnownFileType = sourcecode.c.objc; path = SceneDelegate.m; sourceTree = "<group>"; };
		DEE0C42225BB0788001E2140 /* ViewController.h */ = {isa = PBXFileReference; lastKnownFileType = sourcecode.c.h; path = ViewController.h; sourceTree = "<group>"; };
		DEE0C42325BB0788001E2140 /* ViewController.m */ = {isa = PBXFileReference; lastKnownFileType = sourcecode.c.objc; path = ViewController.m; sourceTree = "<group>"; };
		DEE0C42625BB0788001E2140 /* Base */ = {isa = PBXFileReference; lastKnownFileType = file.storyboard; name = Base; path = Base.lproj/Main.storyboard; sourceTree = "<group>"; };
		DEE0C42825BB078C001E2140 /* Assets.xcassets */ = {isa = PBXFileReference; lastKnownFileType = folder.assetcatalog; path = Assets.xcassets; sourceTree = "<group>"; };
		DEE0C42B25BB078C001E2140 /* Base */ = {isa = PBXFileReference; lastKnownFileType = file.storyboard; name = Base; path = Base.lproj/LaunchScreen.storyboard; sourceTree = "<group>"; };
		DEE0C42D25BB078C001E2140 /* Info.plist */ = {isa = PBXFileReference; lastKnownFileType = text.plist.xml; path = Info.plist; sourceTree = "<group>"; };
		DEE0C42E25BB078C001E2140 /* main.m */ = {isa = PBXFileReference; lastKnownFileType = sourcecode.c.objc; path = main.m; sourceTree = "<group>"; };
		DEE0C43425BB078D001E2140 /* realm_oc_demoTests.xctest */ = {isa = PBXFileReference; explicitFileType = wrapper.cfbundle; includeInIndex = 0; path = realm_oc_demoTests.xctest; sourceTree = BUILT_PRODUCTS_DIR; };
		DEE0C43825BB078D001E2140 /* realm_oc_demoTests.m */ = {isa = PBXFileReference; lastKnownFileType = sourcecode.c.objc; path = realm_oc_demoTests.m; sourceTree = "<group>"; };
		DEE0C43A25BB078D001E2140 /* Info.plist */ = {isa = PBXFileReference; lastKnownFileType = text.plist.xml; path = Info.plist; sourceTree = "<group>"; };
		DEE0C43F25BB078D001E2140 /* realm_oc_demoUITests.xctest */ = {isa = PBXFileReference; explicitFileType = wrapper.cfbundle; includeInIndex = 0; path = realm_oc_demoUITests.xctest; sourceTree = BUILT_PRODUCTS_DIR; };
		DEE0C44325BB078D001E2140 /* realm_oc_demoUITests.m */ = {isa = PBXFileReference; lastKnownFileType = sourcecode.c.objc; path = realm_oc_demoUITests.m; sourceTree = "<group>"; };
		DEE0C44525BB078D001E2140 /* Info.plist */ = {isa = PBXFileReference; lastKnownFileType = text.plist.xml; path = Info.plist; sourceTree = "<group>"; };
		F9CA3102A5F0974A12DE5C07 /* Pods-realm_oc_demo.release.xcconfig */ = {isa = PBXFileReference; includeInIndex = 1; lastKnownFileType = text.xcconfig; name = "Pods-realm_oc_demo.release.xcconfig"; path = "Target Support Files/Pods-realm_oc_demo/Pods-realm_oc_demo.release.xcconfig"; sourceTree = "<group>"; };
/* End PBXFileReference section */

/* Begin PBXFrameworksBuildPhase section */
		DEE0C41625BB0788001E2140 /* Frameworks */ = {
			isa = PBXFrameworksBuildPhase;
			buildActionMask = 2147483647;
			files = (
				204DDB078D6E8EB8902C6782 /* Pods_realm_oc_demo.framework in Frameworks */,
			);
			runOnlyForDeploymentPostprocessing = 0;
		};
		DEE0C43125BB078D001E2140 /* Frameworks */ = {
			isa = PBXFrameworksBuildPhase;
			buildActionMask = 2147483647;
			files = (
				2F89F8D50ADAEBDD1B1E1B2E /* Pods_realm_oc_demoTests.framework in Frameworks */,
			);
			runOnlyForDeploymentPostprocessing = 0;
		};
		DEE0C43C25BB078D001E2140 /* Frameworks */ = {
			isa = PBXFrameworksBuildPhase;
			buildActionMask = 2147483647;
			files = (
				4591F86421E21CF1FE1B5839 /* Pods_realm_oc_demo_realm_oc_demoUITests.framework in Frameworks */,
			);
			runOnlyForDeploymentPostprocessing = 0;
		};
/* End PBXFrameworksBuildPhase section */

/* Begin PBXGroup section */
		95524D507114E3596B708550 /* Pods */ = {
			isa = PBXGroup;
			children = (
				99C4AE2899C433875EFE5783 /* Pods-realm_oc_demo.debug.xcconfig */,
				F9CA3102A5F0974A12DE5C07 /* Pods-realm_oc_demo.release.xcconfig */,
				20C9C9050D1DAD9E649090FA /* Pods-realm_oc_demo-realm_oc_demoUITests.debug.xcconfig */,
				BE903CF46863E64ABD410EB3 /* Pods-realm_oc_demo-realm_oc_demoUITests.release.xcconfig */,
				CD286613D10676869E94C371 /* Pods-realm_oc_demoTests.debug.xcconfig */,
				019B9C6A8E71B28D994DBF35 /* Pods-realm_oc_demoTests.release.xcconfig */,
			);
			path = Pods;
			sourceTree = "<group>";
		};
		B7E4DF9C442C51C6C27A5CC7 /* Frameworks */ = {
			isa = PBXGroup;
			children = (
				466C5C14BCB9346D8530B0F5 /* Pods_realm_oc_demo.framework */,
				BE65FDCF6B3689ED1D4402B9 /* Pods_realm_oc_demo_realm_oc_demoUITests.framework */,
				62BA831AD04D86EC9E3BA219 /* Pods_realm_oc_demoTests.framework */,
			);
			name = Frameworks;
			sourceTree = "<group>";
		};
		DEE0C41025BB0788001E2140 = {
			isa = PBXGroup;
			children = (
				DEE0C41B25BB0788001E2140 /* realm_oc_demo */,
				DEE0C43725BB078D001E2140 /* realm_oc_demoTests */,
				DEE0C44225BB078D001E2140 /* realm_oc_demoUITests */,
				DEE0C41A25BB0788001E2140 /* Products */,
				95524D507114E3596B708550 /* Pods */,
				B7E4DF9C442C51C6C27A5CC7 /* Frameworks */,
			);
			sourceTree = "<group>";
		};
		DEE0C41A25BB0788001E2140 /* Products */ = {
			isa = PBXGroup;
			children = (
				DEE0C41925BB0788001E2140 /* realm_oc_demo.app */,
				DEE0C43425BB078D001E2140 /* realm_oc_demoTests.xctest */,
				DEE0C43F25BB078D001E2140 /* realm_oc_demoUITests.xctest */,
			);
			name = Products;
			sourceTree = "<group>";
		};
		DEE0C41B25BB0788001E2140 /* realm_oc_demo */ = {
			isa = PBXGroup;
			children = (
				DEE0C41C25BB0788001E2140 /* AppDelegate.h */,
				DEE0C41D25BB0788001E2140 /* AppDelegate.m */,
				DEE0C41F25BB0788001E2140 /* SceneDelegate.h */,
				DEE0C42025BB0788001E2140 /* SceneDelegate.m */,
				DEE0C42225BB0788001E2140 /* ViewController.h */,
				DEE0C42325BB0788001E2140 /* ViewController.m */,
				DEC8A58D25BDBBDE00A3C728 /* MigrationModel.h */,
				DEC8A58E25BDBBDF00A3C728 /* MigrationModel.m */,
				DEE0C42525BB0788001E2140 /* Main.storyboard */,
				DEE0C42825BB078C001E2140 /* Assets.xcassets */,
				DEE0C42A25BB078C001E2140 /* LaunchScreen.storyboard */,
				DEE0C42D25BB078C001E2140 /* Info.plist */,
				DEE0C42E25BB078C001E2140 /* main.m */,
			);
			path = realm_oc_demo;
			sourceTree = "<group>";
		};
		DEE0C43725BB078D001E2140 /* realm_oc_demoTests */ = {
			isa = PBXGroup;
			children = (
				DEE0C43825BB078D001E2140 /* realm_oc_demoTests.m */,
				DEE0C43A25BB078D001E2140 /* Info.plist */,
			);
			path = realm_oc_demoTests;
			sourceTree = "<group>";
		};
		DEE0C44225BB078D001E2140 /* realm_oc_demoUITests */ = {
			isa = PBXGroup;
			children = (
				DEE0C44325BB078D001E2140 /* realm_oc_demoUITests.m */,
				DEE0C44525BB078D001E2140 /* Info.plist */,
			);
			path = realm_oc_demoUITests;
			sourceTree = "<group>";
		};
/* End PBXGroup section */

/* Begin PBXNativeTarget section */
		DEE0C41825BB0788001E2140 /* realm_oc_demo */ = {
			isa = PBXNativeTarget;
			buildConfigurationList = DEE0C44825BB078D001E2140 /* Build configuration list for PBXNativeTarget "realm_oc_demo" */;
			buildPhases = (
				6DF05D327073FA4C646D7535 /* [CP] Check Pods Manifest.lock */,
				DEE0C41525BB0788001E2140 /* Sources */,
				DEE0C41625BB0788001E2140 /* Frameworks */,
				DEE0C41725BB0788001E2140 /* Resources */,
				1C00E15DCB2220DD62065292 /* [CP] Embed Pods Frameworks */,
			);
			buildRules = (
			);
			dependencies = (
			);
			name = realm_oc_demo;
			productName = realm_oc_demo;
			productReference = DEE0C41925BB0788001E2140 /* realm_oc_demo.app */;
			productType = "com.apple.product-type.application";
		};
		DEE0C43325BB078D001E2140 /* realm_oc_demoTests */ = {
			isa = PBXNativeTarget;
			buildConfigurationList = DEE0C44B25BB078D001E2140 /* Build configuration list for PBXNativeTarget "realm_oc_demoTests" */;
			buildPhases = (
				0523B3FE18390A5EE13D1B36 /* [CP] Check Pods Manifest.lock */,
				DEE0C43025BB078D001E2140 /* Sources */,
				DEE0C43125BB078D001E2140 /* Frameworks */,
				DEE0C43225BB078D001E2140 /* Resources */,
			);
			buildRules = (
			);
			dependencies = (
				DEE0C43625BB078D001E2140 /* PBXTargetDependency */,
			);
			name = realm_oc_demoTests;
			productName = realm_oc_demoTests;
			productReference = DEE0C43425BB078D001E2140 /* realm_oc_demoTests.xctest */;
			productType = "com.apple.product-type.bundle.unit-test";
		};
		DEE0C43E25BB078D001E2140 /* realm_oc_demoUITests */ = {
			isa = PBXNativeTarget;
			buildConfigurationList = DEE0C44E25BB078D001E2140 /* Build configuration list for PBXNativeTarget "realm_oc_demoUITests" */;
			buildPhases = (
				ADA07330659E7D51AF45D8C1 /* [CP] Check Pods Manifest.lock */,
				DEE0C43B25BB078D001E2140 /* Sources */,
				DEE0C43C25BB078D001E2140 /* Frameworks */,
				DEE0C43D25BB078D001E2140 /* Resources */,
				69127EE7EE3524C65608CDF5 /* [CP] Embed Pods Frameworks */,
			);
			buildRules = (
			);
			dependencies = (
				DEE0C44125BB078D001E2140 /* PBXTargetDependency */,
			);
			name = realm_oc_demoUITests;
			productName = realm_oc_demoUITests;
			productReference = DEE0C43F25BB078D001E2140 /* realm_oc_demoUITests.xctest */;
			productType = "com.apple.product-type.bundle.ui-testing";
		};
/* End PBXNativeTarget section */

/* Begin PBXProject section */
		DEE0C41125BB0788001E2140 /* Project object */ = {
			isa = PBXProject;
			attributes = {
				LastUpgradeCheck = 1230;
				TargetAttributes = {
					DEE0C41825BB0788001E2140 = {
						CreatedOnToolsVersion = 12.3;
					};
					DEE0C43325BB078D001E2140 = {
						CreatedOnToolsVersion = 12.3;
						TestTargetID = DEE0C41825BB0788001E2140;
					};
					DEE0C43E25BB078D001E2140 = {
						CreatedOnToolsVersion = 12.3;
						TestTargetID = DEE0C41825BB0788001E2140;
					};
				};
			};
			buildConfigurationList = DEE0C41425BB0788001E2140 /* Build configuration list for PBXProject "realm_oc_demo" */;
			compatibilityVersion = "Xcode 9.3";
			developmentRegion = en;
			hasScannedForEncodings = 0;
			knownRegions = (
				en,
				Base,
			);
			mainGroup = DEE0C41025BB0788001E2140;
			productRefGroup = DEE0C41A25BB0788001E2140 /* Products */;
			projectDirPath = "";
			projectRoot = "";
			targets = (
				DEE0C41825BB0788001E2140 /* realm_oc_demo */,
				DEE0C43325BB078D001E2140 /* realm_oc_demoTests */,
				DEE0C43E25BB078D001E2140 /* realm_oc_demoUITests */,
			);
		};
/* End PBXProject section */

/* Begin PBXResourcesBuildPhase section */
		DEE0C41725BB0788001E2140 /* Resources */ = {
			isa = PBXResourcesBuildPhase;
			buildActionMask = 2147483647;
			files = (
				DEE0C42C25BB078C001E2140 /* LaunchScreen.storyboard in Resources */,
				DEE0C42925BB078C001E2140 /* Assets.xcassets in Resources */,
				DEE0C42725BB0788001E2140 /* Main.storyboard in Resources */,
			);
			runOnlyForDeploymentPostprocessing = 0;
		};
		DEE0C43225BB078D001E2140 /* Resources */ = {
			isa = PBXResourcesBuildPhase;
			buildActionMask = 2147483647;
			files = (
			);
			runOnlyForDeploymentPostprocessing = 0;
		};
		DEE0C43D25BB078D001E2140 /* Resources */ = {
			isa = PBXResourcesBuildPhase;
			buildActionMask = 2147483647;
			files = (
			);
			runOnlyForDeploymentPostprocessing = 0;
		};
/* End PBXResourcesBuildPhase section */

/* Begin PBXShellScriptBuildPhase section */
		0523B3FE18390A5EE13D1B36 /* [CP] Check Pods Manifest.lock */ = {
			isa = PBXShellScriptBuildPhase;
			buildActionMask = 2147483647;
			files = (
			);
			inputFileListPaths = (
			);
			inputPaths = (
				"${PODS_PODFILE_DIR_PATH}/Podfile.lock",
				"${PODS_ROOT}/Manifest.lock",
			);
			name = "[CP] Check Pods Manifest.lock";
			outputFileListPaths = (
			);
			outputPaths = (
				"$(DERIVED_FILE_DIR)/Pods-realm_oc_demoTests-checkManifestLockResult.txt",
			);
			runOnlyForDeploymentPostprocessing = 0;
			shellPath = /bin/sh;
			shellScript = "diff \"${PODS_PODFILE_DIR_PATH}/Podfile.lock\" \"${PODS_ROOT}/Manifest.lock\" > /dev/null\nif [ $? != 0 ] ; then\n    # print error to STDERR\n    echo \"error: The sandbox is not in sync with the Podfile.lock. Run 'pod install' or update your CocoaPods installation.\" >&2\n    exit 1\nfi\n# This output is used by Xcode 'outputs' to avoid re-running this script phase.\necho \"SUCCESS\" > \"${SCRIPT_OUTPUT_FILE_0}\"\n";
			showEnvVarsInLog = 0;
		};
		1C00E15DCB2220DD62065292 /* [CP] Embed Pods Frameworks */ = {
			isa = PBXShellScriptBuildPhase;
			buildActionMask = 2147483647;
			files = (
			);
			inputFileListPaths = (
				"${PODS_ROOT}/Target Support Files/Pods-realm_oc_demo/Pods-realm_oc_demo-frameworks-${CONFIGURATION}-input-files.xcfilelist",
			);
			name = "[CP] Embed Pods Frameworks";
			outputFileListPaths = (
				"${PODS_ROOT}/Target Support Files/Pods-realm_oc_demo/Pods-realm_oc_demo-frameworks-${CONFIGURATION}-output-files.xcfilelist",
			);
			runOnlyForDeploymentPostprocessing = 0;
			shellPath = /bin/sh;
			shellScript = "\"${PODS_ROOT}/Target Support Files/Pods-realm_oc_demo/Pods-realm_oc_demo-frameworks.sh\"\n";
			showEnvVarsInLog = 0;
		};
		69127EE7EE3524C65608CDF5 /* [CP] Embed Pods Frameworks */ = {
			isa = PBXShellScriptBuildPhase;
			buildActionMask = 2147483647;
			files = (
			);
			inputFileListPaths = (
				"${PODS_ROOT}/Target Support Files/Pods-realm_oc_demo-realm_oc_demoUITests/Pods-realm_oc_demo-realm_oc_demoUITests-frameworks-${CONFIGURATION}-input-files.xcfilelist",
			);
			name = "[CP] Embed Pods Frameworks";
			outputFileListPaths = (
				"${PODS_ROOT}/Target Support Files/Pods-realm_oc_demo-realm_oc_demoUITests/Pods-realm_oc_demo-realm_oc_demoUITests-frameworks-${CONFIGURATION}-output-files.xcfilelist",
			);
			runOnlyForDeploymentPostprocessing = 0;
			shellPath = /bin/sh;
			shellScript = "\"${PODS_ROOT}/Target Support Files/Pods-realm_oc_demo-realm_oc_demoUITests/Pods-realm_oc_demo-realm_oc_demoUITests-frameworks.sh\"\n";
			showEnvVarsInLog = 0;
		};
		6DF05D327073FA4C646D7535 /* [CP] Check Pods Manifest.lock */ = {
			isa = PBXShellScriptBuildPhase;
			buildActionMask = 2147483647;
			files = (
			);
			inputFileListPaths = (
			);
			inputPaths = (
				"${PODS_PODFILE_DIR_PATH}/Podfile.lock",
				"${PODS_ROOT}/Manifest.lock",
			);
			name = "[CP] Check Pods Manifest.lock";
			outputFileListPaths = (
			);
			outputPaths = (
				"$(DERIVED_FILE_DIR)/Pods-realm_oc_demo-checkManifestLockResult.txt",
			);
			runOnlyForDeploymentPostprocessing = 0;
			shellPath = /bin/sh;
			shellScript = "diff \"${PODS_PODFILE_DIR_PATH}/Podfile.lock\" \"${PODS_ROOT}/Manifest.lock\" > /dev/null\nif [ $? != 0 ] ; then\n    # print error to STDERR\n    echo \"error: The sandbox is not in sync with the Podfile.lock. Run 'pod install' or update your CocoaPods installation.\" >&2\n    exit 1\nfi\n# This output is used by Xcode 'outputs' to avoid re-running this script phase.\necho \"SUCCESS\" > \"${SCRIPT_OUTPUT_FILE_0}\"\n";
			showEnvVarsInLog = 0;
		};
		ADA07330659E7D51AF45D8C1 /* [CP] Check Pods Manifest.lock */ = {
			isa = PBXShellScriptBuildPhase;
			buildActionMask = 2147483647;
			files = (
			);
			inputFileListPaths = (
			);
			inputPaths = (
				"${PODS_PODFILE_DIR_PATH}/Podfile.lock",
				"${PODS_ROOT}/Manifest.lock",
			);
			name = "[CP] Check Pods Manifest.lock";
			outputFileListPaths = (
			);
			outputPaths = (
				"$(DERIVED_FILE_DIR)/Pods-realm_oc_demo-realm_oc_demoUITests-checkManifestLockResult.txt",
			);
			runOnlyForDeploymentPostprocessing = 0;
			shellPath = /bin/sh;
			shellScript = "diff \"${PODS_PODFILE_DIR_PATH}/Podfile.lock\" \"${PODS_ROOT}/Manifest.lock\" > /dev/null\nif [ $? != 0 ] ; then\n    # print error to STDERR\n    echo \"error: The sandbox is not in sync with the Podfile.lock. Run 'pod install' or update your CocoaPods installation.\" >&2\n    exit 1\nfi\n# This output is used by Xcode 'outputs' to avoid re-running this script phase.\necho \"SUCCESS\" > \"${SCRIPT_OUTPUT_FILE_0}\"\n";
			showEnvVarsInLog = 0;
		};
/* End PBXShellScriptBuildPhase section */

/* Begin PBXSourcesBuildPhase section */
		DEE0C41525BB0788001E2140 /* Sources */ = {
			isa = PBXSourcesBuildPhase;
			buildActionMask = 2147483647;
			files = (
				DEE0C42425BB0788001E2140 /* ViewController.m in Sources */,
				DEE0C41E25BB0788001E2140 /* AppDelegate.m in Sources */,
				DEE0C42F25BB078C001E2140 /* main.m in Sources */,
				DEC8A58F25BDBBDF00A3C728 /* MigrationModel.m in Sources */,
				DEE0C42125BB0788001E2140 /* SceneDelegate.m in Sources */,
			);
			runOnlyForDeploymentPostprocessing = 0;
		};
		DEE0C43025BB078D001E2140 /* Sources */ = {
			isa = PBXSourcesBuildPhase;
			buildActionMask = 2147483647;
			files = (
				DEE0C43925BB078D001E2140 /* realm_oc_demoTests.m in Sources */,
			);
			runOnlyForDeploymentPostprocessing = 0;
		};
		DEE0C43B25BB078D001E2140 /* Sources */ = {
			isa = PBXSourcesBuildPhase;
			buildActionMask = 2147483647;
			files = (
				DEE0C44425BB078D001E2140 /* realm_oc_demoUITests.m in Sources */,
			);
			runOnlyForDeploymentPostprocessing = 0;
		};
/* End PBXSourcesBuildPhase section */

/* Begin PBXTargetDependency section */
		DEE0C43625BB078D001E2140 /* PBXTargetDependency */ = {
			isa = PBXTargetDependency;
			target = DEE0C41825BB0788001E2140 /* realm_oc_demo */;
			targetProxy = DEE0C43525BB078D001E2140 /* PBXContainerItemProxy */;
		};
		DEE0C44125BB078D001E2140 /* PBXTargetDependency */ = {
			isa = PBXTargetDependency;
			target = DEE0C41825BB0788001E2140 /* realm_oc_demo */;
			targetProxy = DEE0C44025BB078D001E2140 /* PBXContainerItemProxy */;
		};
/* End PBXTargetDependency section */

/* Begin PBXVariantGroup section */
		DEE0C42525BB0788001E2140 /* Main.storyboard */ = {
			isa = PBXVariantGroup;
			children = (
				DEE0C42625BB0788001E2140 /* Base */,
			);
			name = Main.storyboard;
			sourceTree = "<group>";
		};
		DEE0C42A25BB078C001E2140 /* LaunchScreen.storyboard */ = {
			isa = PBXVariantGroup;
			children = (
				DEE0C42B25BB078C001E2140 /* Base */,
			);
			name = LaunchScreen.storyboard;
			sourceTree = "<group>";
		};
/* End PBXVariantGroup section */

/* Begin XCBuildConfiguration section */
		DEE0C44625BB078D001E2140 /* Debug */ = {
			isa = XCBuildConfiguration;
			buildSettings = {
				ALWAYS_SEARCH_USER_PATHS = NO;
				CLANG_ANALYZER_NONNULL = YES;
				CLANG_ANALYZER_NUMBER_OBJECT_CONVERSION = YES_AGGRESSIVE;
				CLANG_CXX_LANGUAGE_STANDARD = "gnu++14";
				CLANG_CXX_LIBRARY = "libc++";
				CLANG_ENABLE_MODULES = YES;
				CLANG_ENABLE_OBJC_ARC = YES;
				CLANG_ENABLE_OBJC_WEAK = YES;
				CLANG_WARN_BLOCK_CAPTURE_AUTORELEASING = YES;
				CLANG_WARN_BOOL_CONVERSION = YES;
				CLANG_WARN_COMMA = YES;
				CLANG_WARN_CONSTANT_CONVERSION = YES;
				CLANG_WARN_DEPRECATED_OBJC_IMPLEMENTATIONS = YES;
				CLANG_WARN_DIRECT_OBJC_ISA_USAGE = YES_ERROR;
				CLANG_WARN_DOCUMENTATION_COMMENTS = YES;
				CLANG_WARN_EMPTY_BODY = YES;
				CLANG_WARN_ENUM_CONVERSION = YES;
				CLANG_WARN_INFINITE_RECURSION = YES;
				CLANG_WARN_INT_CONVERSION = YES;
				CLANG_WARN_NON_LITERAL_NULL_CONVERSION = YES;
				CLANG_WARN_OBJC_IMPLICIT_RETAIN_SELF = YES;
				CLANG_WARN_OBJC_LITERAL_CONVERSION = YES;
				CLANG_WARN_OBJC_ROOT_CLASS = YES_ERROR;
				CLANG_WARN_QUOTED_INCLUDE_IN_FRAMEWORK_HEADER = YES;
				CLANG_WARN_RANGE_LOOP_ANALYSIS = YES;
				CLANG_WARN_STRICT_PROTOTYPES = YES;
				CLANG_WARN_SUSPICIOUS_MOVE = YES;
				CLANG_WARN_UNGUARDED_AVAILABILITY = YES_AGGRESSIVE;
				CLANG_WARN_UNREACHABLE_CODE = YES;
				CLANG_WARN__DUPLICATE_METHOD_MATCH = YES;
				COPY_PHASE_STRIP = NO;
				DEBUG_INFORMATION_FORMAT = dwarf;
				ENABLE_STRICT_OBJC_MSGSEND = YES;
				ENABLE_TESTABILITY = YES;
				GCC_C_LANGUAGE_STANDARD = gnu11;
				GCC_DYNAMIC_NO_PIC = NO;
				GCC_NO_COMMON_BLOCKS = YES;
				GCC_OPTIMIZATION_LEVEL = 0;
				GCC_PREPROCESSOR_DEFINITIONS = (
					"DEBUG=1",
					"$(inherited)",
				);
				GCC_WARN_64_TO_32_BIT_CONVERSION = YES;
				GCC_WARN_ABOUT_RETURN_TYPE = YES_ERROR;
				GCC_WARN_UNDECLARED_SELECTOR = YES;
				GCC_WARN_UNINITIALIZED_AUTOS = YES_AGGRESSIVE;
				GCC_WARN_UNUSED_FUNCTION = YES;
				GCC_WARN_UNUSED_VARIABLE = YES;
				IPHONEOS_DEPLOYMENT_TARGET = 14.3;
				MTL_ENABLE_DEBUG_INFO = INCLUDE_SOURCE;
				MTL_FAST_MATH = YES;
				ONLY_ACTIVE_ARCH = YES;
				SDKROOT = iphoneos;
			};
			name = Debug;
		};
		DEE0C44725BB078D001E2140 /* Release */ = {
			isa = XCBuildConfiguration;
			buildSettings = {
				ALWAYS_SEARCH_USER_PATHS = NO;
				CLANG_ANALYZER_NONNULL = YES;
				CLANG_ANALYZER_NUMBER_OBJECT_CONVERSION = YES_AGGRESSIVE;
				CLANG_CXX_LANGUAGE_STANDARD = "gnu++14";
				CLANG_CXX_LIBRARY = "libc++";
				CLANG_ENABLE_MODULES = YES;
				CLANG_ENABLE_OBJC_ARC = YES;
				CLANG_ENABLE_OBJC_WEAK = YES;
				CLANG_WARN_BLOCK_CAPTURE_AUTORELEASING = YES;
				CLANG_WARN_BOOL_CONVERSION = YES;
				CLANG_WARN_COMMA = YES;
				CLANG_WARN_CONSTANT_CONVERSION = YES;
				CLANG_WARN_DEPRECATED_OBJC_IMPLEMENTATIONS = YES;
				CLANG_WARN_DIRECT_OBJC_ISA_USAGE = YES_ERROR;
				CLANG_WARN_DOCUMENTATION_COMMENTS = YES;
				CLANG_WARN_EMPTY_BODY = YES;
				CLANG_WARN_ENUM_CONVERSION = YES;
				CLANG_WARN_INFINITE_RECURSION = YES;
				CLANG_WARN_INT_CONVERSION = YES;
				CLANG_WARN_NON_LITERAL_NULL_CONVERSION = YES;
				CLANG_WARN_OBJC_IMPLICIT_RETAIN_SELF = YES;
				CLANG_WARN_OBJC_LITERAL_CONVERSION = YES;
				CLANG_WARN_OBJC_ROOT_CLASS = YES_ERROR;
				CLANG_WARN_QUOTED_INCLUDE_IN_FRAMEWORK_HEADER = YES;
				CLANG_WARN_RANGE_LOOP_ANALYSIS = YES;
				CLANG_WARN_STRICT_PROTOTYPES = YES;
				CLANG_WARN_SUSPICIOUS_MOVE = YES;
				CLANG_WARN_UNGUARDED_AVAILABILITY = YES_AGGRESSIVE;
				CLANG_WARN_UNREACHABLE_CODE = YES;
				CLANG_WARN__DUPLICATE_METHOD_MATCH = YES;
				COPY_PHASE_STRIP = NO;
				DEBUG_INFORMATION_FORMAT = "dwarf-with-dsym";
				ENABLE_NS_ASSERTIONS = NO;
				ENABLE_STRICT_OBJC_MSGSEND = YES;
				GCC_C_LANGUAGE_STANDARD = gnu11;
				GCC_NO_COMMON_BLOCKS = YES;
				GCC_WARN_64_TO_32_BIT_CONVERSION = YES;
				GCC_WARN_ABOUT_RETURN_TYPE = YES_ERROR;
				GCC_WARN_UNDECLARED_SELECTOR = YES;
				GCC_WARN_UNINITIALIZED_AUTOS = YES_AGGRESSIVE;
				GCC_WARN_UNUSED_FUNCTION = YES;
				GCC_WARN_UNUSED_VARIABLE = YES;
				IPHONEOS_DEPLOYMENT_TARGET = 14.3;
				MTL_ENABLE_DEBUG_INFO = NO;
				MTL_FAST_MATH = YES;
				SDKROOT = iphoneos;
				VALIDATE_PRODUCT = YES;
			};
			name = Release;
		};
		DEE0C44925BB078D001E2140 /* Debug */ = {
			isa = XCBuildConfiguration;
			baseConfigurationReference = 99C4AE2899C433875EFE5783 /* Pods-realm_oc_demo.debug.xcconfig */;
			buildSettings = {
				ASSETCATALOG_COMPILER_APPICON_NAME = AppIcon;
				ASSETCATALOG_COMPILER_GLOBAL_ACCENT_COLOR_NAME = AccentColor;
				CODE_SIGN_STYLE = Automatic;
				INFOPLIST_FILE = realm_oc_demo/Info.plist;
				LD_RUNPATH_SEARCH_PATHS = (
					"$(inherited)",
					"@executable_path/Frameworks",
				);
				PRODUCT_BUNDLE_IDENTIFIER = "founder.com.realm-oc-demo";
				PRODUCT_NAME = "$(TARGET_NAME)";
				TARGETED_DEVICE_FAMILY = "1,2";
			};
			name = Debug;
		};
		DEE0C44A25BB078D001E2140 /* Release */ = {
			isa = XCBuildConfiguration;
			baseConfigurationReference = F9CA3102A5F0974A12DE5C07 /* Pods-realm_oc_demo.release.xcconfig */;
			buildSettings = {
				ASSETCATALOG_COMPILER_APPICON_NAME = AppIcon;
				ASSETCATALOG_COMPILER_GLOBAL_ACCENT_COLOR_NAME = AccentColor;
				CODE_SIGN_STYLE = Automatic;
				INFOPLIST_FILE = realm_oc_demo/Info.plist;
				LD_RUNPATH_SEARCH_PATHS = (
					"$(inherited)",
					"@executable_path/Frameworks",
				);
				PRODUCT_BUNDLE_IDENTIFIER = "founder.com.realm-oc-demo";
				PRODUCT_NAME = "$(TARGET_NAME)";
				TARGETED_DEVICE_FAMILY = "1,2";
			};
			name = Release;
		};
		DEE0C44C25BB078D001E2140 /* Debug */ = {
			isa = XCBuildConfiguration;
			baseConfigurationReference = CD286613D10676869E94C371 /* Pods-realm_oc_demoTests.debug.xcconfig */;
			buildSettings = {
				BUNDLE_LOADER = "$(TEST_HOST)";
				CODE_SIGN_STYLE = Automatic;
				INFOPLIST_FILE = realm_oc_demoTests/Info.plist;
				IPHONEOS_DEPLOYMENT_TARGET = 14.3;
				LD_RUNPATH_SEARCH_PATHS = (
					"$(inherited)",
					"@executable_path/Frameworks",
					"@loader_path/Frameworks",
				);
				PRODUCT_BUNDLE_IDENTIFIER = "founder.com.realm-oc-demoTests";
				PRODUCT_NAME = "$(TARGET_NAME)";
				TARGETED_DEVICE_FAMILY = "1,2";
				TEST_HOST = "$(BUILT_PRODUCTS_DIR)/realm_oc_demo.app/realm_oc_demo";
			};
			name = Debug;
		};
		DEE0C44D25BB078D001E2140 /* Release */ = {
			isa = XCBuildConfiguration;
			baseConfigurationReference = 019B9C6A8E71B28D994DBF35 /* Pods-realm_oc_demoTests.release.xcconfig */;
			buildSettings = {
				BUNDLE_LOADER = "$(TEST_HOST)";
				CODE_SIGN_STYLE = Automatic;
				INFOPLIST_FILE = realm_oc_demoTests/Info.plist;
				IPHONEOS_DEPLOYMENT_TARGET = 14.3;
				LD_RUNPATH_SEARCH_PATHS = (
					"$(inherited)",
					"@executable_path/Frameworks",
					"@loader_path/Frameworks",
				);
				PRODUCT_BUNDLE_IDENTIFIER = "founder.com.realm-oc-demoTests";
				PRODUCT_NAME = "$(TARGET_NAME)";
				TARGETED_DEVICE_FAMILY = "1,2";
				TEST_HOST = "$(BUILT_PRODUCTS_DIR)/realm_oc_demo.app/realm_oc_demo";
			};
			name = Release;
		};
		DEE0C44F25BB078D001E2140 /* Debug */ = {
			isa = XCBuildConfiguration;
			baseConfigurationReference = 20C9C9050D1DAD9E649090FA /* Pods-realm_oc_demo-realm_oc_demoUITests.debug.xcconfig */;
			buildSettings = {
				CODE_SIGN_STYLE = Automatic;
				INFOPLIST_FILE = realm_oc_demoUITests/Info.plist;
				LD_RUNPATH_SEARCH_PATHS = (
					"$(inherited)",
					"@executable_path/Frameworks",
					"@loader_path/Frameworks",
				);
				PRODUCT_BUNDLE_IDENTIFIER = "founder.com.realm-oc-demoUITests";
				PRODUCT_NAME = "$(TARGET_NAME)";
				TARGETED_DEVICE_FAMILY = "1,2";
				TEST_TARGET_NAME = realm_oc_demo;
			};
			name = Debug;
		};
		DEE0C45025BB078D001E2140 /* Release */ = {
			isa = XCBuildConfiguration;
			baseConfigurationReference = BE903CF46863E64ABD410EB3 /* Pods-realm_oc_demo-realm_oc_demoUITests.release.xcconfig */;
			buildSettings = {
				CODE_SIGN_STYLE = Automatic;
				INFOPLIST_FILE = realm_oc_demoUITests/Info.plist;
				LD_RUNPATH_SEARCH_PATHS = (
					"$(inherited)",
					"@executable_path/Frameworks",
					"@loader_path/Frameworks",
				);
				PRODUCT_BUNDLE_IDENTIFIER = "founder.com.realm-oc-demoUITests";
				PRODUCT_NAME = "$(TARGET_NAME)";
				TARGETED_DEVICE_FAMILY = "1,2";
				TEST_TARGET_NAME = realm_oc_demo;
			};
			name = Release;
		};
/* End XCBuildConfiguration section */

/* Begin XCConfigurationList section */
		DEE0C41425BB0788001E2140 /* Build configuration list for PBXProject "realm_oc_demo" */ = {
			isa = XCConfigurationList;
			buildConfigurations = (
				DEE0C44625BB078D001E2140 /* Debug */,
				DEE0C44725BB078D001E2140 /* Release */,
			);
			defaultConfigurationIsVisible = 0;
			defaultConfigurationName = Release;
		};
		DEE0C44825BB078D001E2140 /* Build configuration list for PBXNativeTarget "realm_oc_demo" */ = {
			isa = XCConfigurationList;
			buildConfigurations = (
				DEE0C44925BB078D001E2140 /* Debug */,
				DEE0C44A25BB078D001E2140 /* Release */,
			);
			defaultConfigurationIsVisible = 0;
			defaultConfigurationName = Release;
		};
		DEE0C44B25BB078D001E2140 /* Build configuration list for PBXNativeTarget "realm_oc_demoTests" */ = {
			isa = XCConfigurationList;
			buildConfigurations = (
				DEE0C44C25BB078D001E2140 /* Debug */,
				DEE0C44D25BB078D001E2140 /* Release */,
			);
			defaultConfigurationIsVisible = 0;
			defaultConfigurationName = Release;
		};
		DEE0C44E25BB078D001E2140 /* Build configuration list for PBXNativeTarget "realm_oc_demoUITests" */ = {
			isa = XCConfigurationList;
			buildConfigurations = (
				DEE0C44F25BB078D001E2140 /* Debug */,
				DEE0C45025BB078D001E2140 /* Release */,
			);
			defaultConfigurationIsVisible = 0;
			defaultConfigurationName = Release;
		};
/* End XCConfigurationList section */
	};
	rootObject = DEE0C41125BB0788001E2140 /* Project object */;
}
